// !$*UTF8*$!
{
	archiveVersion = 1;
	classes = {
	};
	objectVersion = 46;
	objects = {

/* Begin PBXBuildFile section */
		C4F01DE415CCE4DE00CECD5A /* Foundation.framework in Frameworks */ = {isa = PBXBuildFile; fileRef = C4F01DE315CCE4DE00CECD5A /* Foundation.framework */; };
		C4F01DE715CCE4DE00CECD5A /* main.m in Sources */ = {isa = PBXBuildFile; fileRef = C4F01DE615CCE4DE00CECD5A /* main.m */; };
		C4F01DEB15CCE4DE00CECD5A /* SCNSim.1 in CopyFiles */ = {isa = PBXBuildFile; fileRef = C4F01DEA15CCE4DE00CECD5A /* SCNSim.1 */; };
/* End PBXBuildFile section */

/* Begin PBXCopyFilesBuildPhase section */
		C4F01DDD15CCE4DE00CECD5A /* CopyFiles */ = {
			isa = PBXCopyFilesBuildPhase;
			buildActionMask = 2147483647;
			dstPath = /usr/share/man/man1/;
			dstSubfolderSpec = 0;
			files = (
				C4F01DEB15CCE4DE00CECD5A /* SCNSim.1 in CopyFiles */,
			);
			runOnlyForDeploymentPostprocessing = 1;
		};
/* End PBXCopyFilesBuildPhase section */

/* Begin PBXFileReference section */
		C4F01DDF15CCE4DE00CECD5A /* SCNSim */ = {isa = PBXFileReference; explicitFileType = "compiled.mach-o.executable"; includeInIndex = 0; path = SCNSim; sourceTree = BUILT_PRODUCTS_DIR; };
		C4F01DE315CCE4DE00CECD5A /* Foundation.framework */ = {isa = PBXFileReference; lastKnownFileType = wrapper.framework; name = Foundation.framework; path = System/Library/Frameworks/Foundation.framework; sourceTree = SDKROOT; };
		C4F01DE615CCE4DE00CECD5A /* main.m */ = {isa = PBXFileReference; lastKnownFileType = sourcecode.c.objc; path = main.m; sourceTree = "<group>"; };
		C4F01DE915CCE4DE00CECD5A /* SCNSim-Prefix.pch */ = {isa = PBXFileReference; lastKnownFileType = sourcecode.c.h; path = "SCNSim-Prefix.pch"; sourceTree = "<group>"; };
		C4F01DEA15CCE4DE00CECD5A /* SCNSim.1 */ = {isa = PBXFileReference; lastKnownFileType = text.man; path = SCNSim.1; sourceTree = "<group>"; };
/* End PBXFileReference section */

/* Begin PBXFrameworksBuildPhase section */
		C4F01DDC15CCE4DE00CECD5A /* Frameworks */ = {
			isa = PBXFrameworksBuildPhase;
			buildActionMask = 2147483647;
			files = (
				C4F01DE415CCE4DE00CECD5A /* Foundation.framework in Frameworks */,
			);
			runOnlyForDeploymentPostprocessing = 0;
		};
/* End PBXFrameworksBuildPhase section */

/* Begin PBXGroup section */
		C4F01DD415CCE4DE00CECD5A = {
			isa = PBXGroup;
			children = (
				C4F01DE515CCE4DE00CECD5A /* SCNSim */,
				C4F01DE215CCE4DE00CECD5A /* Frameworks */,
				C4F01DE015CCE4DE00CECD5A /* Products */,
			);
			sourceTree = "<group>";
		};
		C4F01DE015CCE4DE00CECD5A /* Products */ = {
			isa = PBXGroup;
			children = (
				C4F01DDF15CCE4DE00CECD5A /* SCNSim */,
			);
			name = Products;
			sourceTree = "<group>";
		};
		C4F01DE215CCE4DE00CECD5A /* Frameworks */ = {
			isa = PBXGroup;
			children = (
				C4F01DE315CCE4DE00CECD5A /* Foundation.framework */,
			);
			name = Frameworks;
			sourceTree = "<group>";
		};
		C4F01DE515CCE4DE00CECD5A /* SCNSim */ = {
			isa = PBXGroup;
			children = (
				C4F01DE615CCE4DE00CECD5A /* main.m */,
				C4F01DEA15CCE4DE00CECD5A /* SCNSim.1 */,
				C4F01DE815CCE4DE00CECD5A /* Supporting Files */,
			);
			path = SCNSim;
			sourceTree = "<group>";
		};
		C4F01DE815CCE4DE00CECD5A /* Supporting Files */ = {
			isa = PBXGroup;
			children = (
				C4F01DE915CCE4DE00CECD5A /* SCNSim-Prefix.pch */,
			);
			name = "Supporting Files";
			sourceTree = "<group>";
		};
/* End PBXGroup section */

/* Begin PBXNativeTarget section */
		C4F01DDE15CCE4DE00CECD5A /* SCNSim */ = {
			isa = PBXNativeTarget;
			buildConfigurationList = C4F01DEE15CCE4DE00CECD5A /* Build configuration list for PBXNativeTarget "SCNSim" */;
			buildPhases = (
				C4F01DDB15CCE4DE00CECD5A /* Sources */,
				C4F01DDC15CCE4DE00CECD5A /* Frameworks */,
				C4F01DDD15CCE4DE00CECD5A /* CopyFiles */,
			);
			buildRules = (
			);
			dependencies = (
			);
			name = SCNSim;
			productName = SCNSim;
			productReference = C4F01DDF15CCE4DE00CECD5A /* SCNSim */;
			productType = "com.apple.product-type.tool";
		};
/* End PBXNativeTarget section */

/* Begin PBXProject section */
		C4F01DD615CCE4DE00CECD5A /* Project object */ = {
			isa = PBXProject;
			attributes = {
				LastUpgradeCheck = 0440;
				ORGANIZATIONNAME = "Kaustubh Bhalerao";
			};
			buildConfigurationList = C4F01DD915CCE4DE00CECD5A /* Build configuration list for PBXProject "SCNSim" */;
			compatibilityVersion = "Xcode 3.2";
			developmentRegion = English;
			hasScannedForEncodings = 0;
			knownRegions = (
				en,
			);
			mainGroup = C4F01DD415CCE4DE00CECD5A;
			productRefGroup = C4F01DE015CCE4DE00CECD5A /* Products */;
			projectDirPath = "";
			projectRoot = "";
			targets = (
				C4F01DDE15CCE4DE00CECD5A /* SCNSim */,
			);
		};
/* End PBXProject section */

/* Begin PBXSourcesBuildPhase section */
		C4F01DDB15CCE4DE00CECD5A /* Sources */ = {
			isa = PBXSourcesBuildPhase;
			buildActionMask = 2147483647;
			files = (
				C4F01DE715CCE4DE00CECD5A /* main.m in Sources */,
			);
			runOnlyForDeploymentPostprocessing = 0;
		};
/* End PBXSourcesBuildPhase section */

/* Begin XCBuildConfiguration section */
		C4F01DEC15CCE4DE00CECD5A /* Debug */ = {
			isa = XCBuildConfiguration;
			buildSettings = {
				ALWAYS_SEARCH_USER_PATHS = NO;
				ARCHS = "$(ARCHS_STANDARD_64_BIT)";
				CLANG_CXX_LANGUAGE_STANDARD = "gnu++0x";
				CLANG_ENABLE_OBJC_ARC = YES;
				CLANG_WARN__DUPLICATE_METHOD_MATCH = YES;
				COPY_PHASE_STRIP = NO;
				GCC_C_LANGUAGE_STANDARD = gnu99;
				GCC_DYNAMIC_NO_PIC = NO;
				GCC_ENABLE_OBJC_EXCEPTIONS = YES;
				GCC_OPTIMIZATION_LEVEL = 0;
				GCC_PREPROCESSOR_DEFINITIONS = (
					"DEBUG=1",
					"$(inherited)",
				);
				GCC_SYMBOLS_PRIVATE_EXTERN = NO;
				GCC_WARN_64_TO_32_BIT_CONVERSION = YES;
				GCC_WARN_ABOUT_RETURN_TYPE = YES;
				GCC_WARN_UNINITIALIZED_AUTOS = YES;
				GCC_WARN_UNUSED_VARIABLE = YES;
				MACOSX_DEPLOYMENT_TARGET = 10.8;
				ONLY_ACTIVE_ARCH = YES;
				SDKROOT = macosx;
			};
			name = Debug;
		};
		C4F01DED15CCE4DE00CECD5A /* Release */ = {
			isa = XCBuildConfiguration;
			buildSettings = {
				ALWAYS_SEARCH_USER_PATHS = NO;
				ARCHS = "$(ARCHS_STANDARD_64_BIT)";
				CLANG_CXX_LANGUAGE_STANDARD = "gnu++0x";
				CLANG_ENABLE_OBJC_ARC = YES;
				CLANG_WARN__DUPLICATE_METHOD_MATCH = YES;
				COPY_PHASE_STRIP = YES;
				DEBUG_INFORMATION_FORMAT = "dwarf-with-dsym";
				GCC_C_LANGUAGE_STANDARD = gnu99;
				GCC_ENABLE_OBJC_EXCEPTIONS = YES;
				GCC_WARN_64_TO_32_BIT_CONVERSION = YES;
				GCC_WARN_ABOUT_RETURN_TYPE = YES;
				GCC_WARN_UNINITIALIZED_AUTOS = YES;
				GCC_WARN_UNUSED_VARIABLE = YES;
				MACOSX_DEPLOYMENT_TARGET = 10.8;
				SDKROOT = macosx;
			};
			name = Release;
		};
		C4F01DEF15CCE4DE00CECD5A /* Debug */ = {
			isa = XCBuildConfiguration;
			buildSettings = {
				GCC_PRECOMPILE_PREFIX_HEADER = YES;
				GCC_PREFIX_HEADER = "SCNSim/SCNSim-Prefix.pch";
				PRODUCT_NAME = "$(TARGET_NAME)";
			};
			name = Debug;
		};
		C4F01DF015CCE4DE00CECD5A /* Release */ = {
			isa = XCBuildConfiguration;
			buildSettings = {
				GCC_PRECOMPILE_PREFIX_HEADER = YES;
				GCC_PREFIX_HEADER = "SCNSim/SCNSim-Prefix.pch";
				PRODUCT_NAME = "$(TARGET_NAME)";
			};
			name = Release;
		};
/* End XCBuildConfiguration section */

/* Begin XCConfigurationList section */
		C4F01DD915CCE4DE00CECD5A /* Build configuration list for PBXProject "SCNSim" */ = {
			isa = XCConfigurationList;
			buildConfigurations = (
				C4F01DEC15CCE4DE00CECD5A /* Debug */,
				C4F01DED15CCE4DE00CECD5A /* Release */,
			);
			defaultConfigurationIsVisible = 0;
			defaultConfigurationName = Release;
		};
		C4F01DEE15CCE4DE00CECD5A /* Build configuration list for PBXNativeTarget "SCNSim" */ = {
			isa = XCConfigurationList;
			buildConfigurations = (
				C4F01DEF15CCE4DE00CECD5A /* Debug */,
				C4F01DF015CCE4DE00CECD5A /* Release */,
			);
			defaultConfigurationIsVisible = 0;
		};
/* End XCConfigurationList section */
	};
	rootObject = C4F01DD615CCE4DE00CECD5A /* Project object */;
}
